<?xml version="1.0" encoding="UTF-8" standalone="yes" ?>
<CodeBlocks_project_file>
	<FileVersion major="1" minor="6" />
	<Project>
		<Option title="Audiojuego" />
		<Option pch_mode="2" />
		<Option compiler="gcc" />
		<Build>
			<Target title="Debug">
				<Option output="bin/Debug/Audiojuego" prefix_auto="1" extension_auto="1" />
				<Option object_output="obj/Debug/" />
				<Option type="1" />
				<Option compiler="gcc" />
				<Compiler>
					<Add option="-std=c++14" />
					<Add option="-g" />
					<Add directory="C:/Users/Carpe/Documents/SFML/SFML 2/SFML-2.5.1/include" />
					<Add directory="C:/Users/Carpe/Documents/SFML/SFML1/SFML-2.5.1/include" />
				</Compiler>
				<Linker>
					<Add library="sfml-graphics-d" />
					<Add library="sfml-audio-d" />
					<Add library="sfml-network-d" />
					<Add library="sfml-window-d" />
					<Add library="sfml-system-d" />
					<Add directory="C:/Users/Carpe/Documents/SFML/SFML 2/SFML-2.5.1/lib" />
					<Add directory="C:/Users/Carpe/Documents/SFML/SFML1/SFML-2.5.1/lib" />
				</Linker>
			</Target>
			<Target title="Release">
				<Option output="bin/Release/Audiojuego" prefix_auto="1" extension_auto="1" />
				<Option object_output="obj/Release/" />
				<Option type="1" />
				<Option compiler="gcc" />
				<Compiler>
					<Add option="-O2" />
					<Add option="-std=c++14" />
					<Add directory="C:/Users/Carpe/Documents/SFML/SFML1/SFML-2.5.1/include" />
					<Add directory="C:/Users/Carpe/Documents/SFML/SFML 2/SFML-2.5.1/include" />
				</Compiler>
				<Linker>
					<Add option="-s" />
					<Add library="sfml-graphics" />
					<Add library="sfml-audio" />
					<Add library="sfml-network" />
					<Add library="sfml-window" />
					<Add library="sfml-system" />
					<Add directory="C:/Users/Carpe/Documents/SFML/SFML1/SFML-2.5.1/lib" />
					<Add directory="C:/Users/Carpe/Documents/SFML/SFML 2/SFML-2.5.1/lib" />
				</Linker>
			</Target>
		</Build>
		<Compiler>
			<Add option="-Wall" />
			<Add option="-std=c++14" />
			<Add option="-fexceptions" />
		</Compiler>
		<Unit filename="main.cpp" />
		<Unit filename="mapa.h">
			<Option target="&lt;{~None~}&gt;" />
		</Unit>
		<Unit filename="sfml-audio-2.dll" />
		<Unit filename="sfml-audio-d-2.dll" />
		<Unit filename="sfml-graphics-2.dll" />
		<Unit filename="sfml-graphics-d-2.dll" />
		<Unit filename="sfml-network-2.dll" />
		<Unit filename="sfml-network-d-2.dll" />
		<Unit filename="sfml-system-2.dll" />
		<Unit filename="sfml-system-d-2.dll" />
		<Unit filename="sfml-window-2.dll" />
		<Unit filename="sfml-window-d-2.dll" />
		<Unit filename="sonidos.cpp">
			<Option target="&lt;{~None~}&gt;" />
		</Unit>
		<Unit filename="sonidos.h">
			<Option target="&lt;{~None~}&gt;" />
		</Unit>
		<Unit filename="textbox.h">
			<Option target="&lt;{~None~}&gt;" />
		</Unit>
		<Extensions>
			<code_completion />
			<envvars />
			<debugger />
		</Extensions>
	</Project>
</CodeBlocks_project_file>
